Microsoft Visual Studio Solution File, Format Version 12.00
# Visual Studio Version 17
VisualStudioVersion = 17.5.2.0
MinimumVisualStudioVersion = 10.0.40219.1
Project("{FAE04EC0-301F-11D3-BF4B-00C04F79EFBC}") = "LongSword", "LongSword\LongSword.csproj", "{77DFFA1E-C62D-C6B4-D7C4-59B1B5AD2D65}"
EndProject
Project("{FAE04EC0-301F-11D3-BF4B-00C04F79EFBC}") = "MakeItChristmas", "MakeItChristmas\MakeItChristmas.csproj", "{3D98D9CD-8199-65D8-4390-AAF028A94899}"
EndProject
Project("{FAE04EC0-301F-11D3-BF4B-00C04F79EFBC}") = "NoLava", "NoLava\NoLava.csproj", "{63C0A713-88E7-36F5-CF84-6F70E58B2DD8}"
EndProject
Global
	GlobalSection(SolutionConfigurationPlatforms) = preSolution
		Debug|Any CPU = Debug|Any CPU
		Release|Any CPU = Release|Any CPU
	EndGlobalSection
	GlobalSection(ProjectConfigurationPlatforms) = postSolution
		{77DFFA1E-C62D-C6B4-D7C4-59B1B5AD2D65}.Debug|Any CPU.ActiveCfg = Debug|Any CPU
		{77DFFA1E-C62D-C6B4-D7C4-59B1B5AD2D65}.Debug|Any CPU.Build.0 = Debug|Any CPU
		{77DFFA1E-C62D-C6B4-D7C4-59B1B5AD2D65}.Release|Any CPU.ActiveCfg = Release|Any CPU
		{77DFFA1E-C62D-C6B4-D7C4-59B1B5AD2D65}.Release|Any CPU.Build.0 = Release|Any CPU
		{3D98D9CD-8199-65D8-4390-AAF028A94899}.Debug|Any CPU.ActiveCfg = Debug|Any CPU
		{3D98D9CD-8199-65D8-4390-AAF028A94899}.Debug|Any CPU.Build.0 = Debug|Any CPU
		{3D98D9CD-8199-65D8-4390-AAF028A94899}.Release|Any CPU.ActiveCfg = Release|Any CPU
		{3D98D9CD-8199-65D8-4390-AAF028A94899}.Release|Any CPU.Build.0 = Release|Any CPU
		{63C0A713-88E7-36F5-CF84-6F70E58B2DD8}.Debug|Any CPU.ActiveCfg = Debug|Any CPU
		{63C0A713-88E7-36F5-CF84-6F70E58B2DD8}.Debug|Any CPU.Build.0 = Debug|Any CPU
		{63C0A713-88E7-36F5-CF84-6F70E58B2DD8}.Release|Any CPU.ActiveCfg = Release|Any CPU
		{63C0A713-88E7-36F5-CF84-6F70E58B2DD8}.Release|Any CPU.Build.0 = Release|Any CPU
	EndGlobalSection
	GlobalSection(SolutionProperties) = preSolution
		HideSolutionNode = FALSE
	EndGlobalSection
	GlobalSection(ExtensibilityGlobals) = postSolution
		SolutionGuid = {15C14DF7-9346-48FE-A302-AB537E70C4DE}
	EndGlobalSection
EndGlobal
